github.com/chzyer/logex v1.1.10/go.mod h1:+Ywpsq7O8HXn0nuIou7OrIPyXbp3wmkHB+jjWRnGsAI=
github.com/chzyer/test v0.0.0-20180213035817-a1ea475d72b1/go.mod h1:Q3SI9o4m/ZMnBNeIyt5eFwwo7qiLfzFZmjNmxjkiQlU=
github.com/davecgh/go-spew v1.1.0/go.mod h1:J7Y8YcW2NihsgmVo/mv3lAwl/skON4iLHjSsI+c5H38=
github.com/davecgh/go-spew v1.1.1 h1:vj9j/u1bqnvCEfJOwUhtlOARqs3+rkHYY13jYWTU97c=
github.com/davecgh/go-spew v1.1.1/go.mod h1:J7Y8YcW2NihsgmVo/mv3lAwl/skON4iLHjSsI+c5H38=
github.com/flynn/json5 v0.0.0-20160717195620-7620272ed633 h1:xJMmr4GMYIbALX5edyoDIOQpc2bOQTeJiWMeCl9lX/8=
github.com/flynn/json5 v0.0.0-20160717195620-7620272ed633/go.mod h1:NJDK3/o7abx6PP54EOe0G0n0RLmhCo9xv61gUYpI0EY=
github.com/kylelemons/godebug v1.1.0 h1:RPNrshWIDI6G2gRW9EHilWtl7Z6Sb1BR0xunSBf0SNc=
github.com/kylelemons/godebug v1.1.0/go.mod h1:9/0rRGxNHcop5bhtWyNeEfOS8JIWk580+fNqagV/RAw=
github.com/pmezard/go-difflib v1.0.0 h1:4DBwDE0NGyQoBHbLQYPwSUPoCMWR5BEzIk/f1lZbAQM=
github.com/pmezard/go-difflib v1.0.0/go.mod h1:iKH77koFhYxTK1pcRnkKkqfTogsbg7gZNVY4sRDYZ/4=
github.com/robertkrimen/otto v0.0.0-20211024170158-b87d35c0b86f h1:a7clxaGmmqtdNTXyvrp/lVO/Gnkzlhc/+dLs5v965GM=
github.com/robertkrimen/otto v0.0.0-20211024170158-b87d35c0b86f/go.mod h1:/mK7FZ3mFYEn9zvNPhpngTyatyehSwte5bJZ4ehL5Xw=
github.com/stretchr/objx v0.1.0/go.mod h1:HFkY916IF+rwdDfMAkV7OtwuqBVzrE8GR6GFx+wExME=
github.com/stretchr/objx v0.4.0/go.mod h1:YvHI0jy2hoMjB+UWwv71VJQ9isScKT/TqJzVSSt89Yw=
github.com/stretchr/testify v1.7.0/go.mod h1:6Fq8oRcR53rry900zMqJjRRixrwX3KX962/h/Wwjteg=
github.com/stretchr/testify v1.7.1/go.mod h1:6Fq8oRcR53rry900zMqJjRRixrwX3KX962/h/Wwjteg=
github.com/stretchr/testify v1.8.0 h1:pSgiaMZlXftHpm5L7V1+rVB+AZJydKsMxsQBIJw4PKk=
github.com/stretchr/testify v1.8.0/go.mod h1:yNjHg4UonilssWZ8iaSj1OCr/vHnekPRkoO+kdMU+MU=
golang.org/x/net v0.0.0-20221004154528-8021a29435af h1:wv66FM3rLZGPdxpYL+ApnDe2HzHcTFta3z5nsc13wI4=
golang.org/x/net v0.0.0-20221004154528-8021a29435af/go.mod h1:YDH+HFinaLZZlnHAfSS6ZXJJ9M9t4Dl22yv3iI2vPwk=
gopkg.in/check.v1 v0.0.0-20161208181325-20d25e280405/go.mod h1:Co6ibVJAznAaIkqp8huTwlJQCZ016jof/cbN4VW5Yz0=
gopkg.in/nntp.v0 v0.0.0-20221008000000-d0fbf83f8696 h1:dzj2658Obor01050TG4ps+ldtYo7bZYAY7IoAsx/SCE=
gopkg.in/nntp.v0 v0.0.0-20221008000000-d0fbf83f8696/go.mod h1:hcVulH+sCPvScqfByuO4BkOAGhanu/PJ7t6RaVBWfc4=
gopkg.in/option.v0 v0.0.0-20220910000000-360f43518c40 h1:F5GXi2F4Ay44oV5rJ6BbsOZl4nYrb1Fv7w14KeTVj3g=
gopkg.in/option.v0 v0.0.0-20220910000000-360f43518c40/go.mod h1:0NoLVhT/Lh19J02e6eFvBzkP8s+twOpvDEnu3HLFAWw=
gopkg.in/pwgen.v0 v0.0.0-20221002000000-dfa08fda6394 h1:zQUfYcGEfspGASsQvtusvgi6utWWL4uTOES2SrqcdTo=
gopkg.in/pwgen.v0 v0.0.0-20221002000000-dfa08fda6394/go.mod h1:0NS8+197DajeJIWlkAinByQzAy/Fs0Iu4oEgeeTwTgE=
gopkg.in/readline.v1 v1.0.0-20160726135117-62c6fe619375/go.mod h1:lNEQeAhU009zbRxng+XOj5ITVgY24WcbNnQopyfKoYQ=
gopkg.in/rx.v0 v0.0.0-20220421053708-ed88ff42144d h1:EYoMNi1YprUq+agxrcBEWjtBqwNjxMKE9GUQcbntVhg=
gopkg.in/rx.v0 v0.0.0-20220421053708-ed88ff42144d/go.mod h1:XtsaV+mcmcTfi1MHPgTPV+I81Rq0oUCLpRrWz0dmemQ=
gopkg.in/sourcemap.v1 v1.0.5 h1:inv58fC9f9J3TK2Y2R1NPntXEn3/wjWHkonhIUODNTI=
gopkg.in/sourcemap.v1 v1.0.5/go.mod h1:2RlvNNSMglmRrcvhfuzp4hQHwOtjxlbjX7UPY/GXb78=
gopkg.in/textproto.v0 v0.0.0-20221008000000-eebe43f979c0 h1:wZDFURNNyYRxfHOrMtBERkTNr3YMzDoN0+mNsEiGSsk=
gopkg.in/textproto.v0 v0.0.0-20221008000000-eebe43f979c0/go.mod h1:gXZsgOySw248Qp1kCfL3j/iR7UPV29n8gV38yr+wYqc=
gopkg.in/tomb.v2 v2.0.0-20161208151619-d5d1b5820637 h1:yiW+nvdHb9LVqSHQBXfZCieqV4fzYhNBql77zY0ykqs=
gopkg.in/tomb.v2 v2.0.0-20161208151619-d5d1b5820637/go.mod h1:BHsqpu/nsuzkT5BpiH1EMZPLyqSMM8JbIavyFACoFNk=
gopkg.in/yaml.v3 v3.0.0-20200313102051-9f266ea9e77c/go.mod h1:K4uyk7z7BCEPqu6E+C64Yfv1cQ7kz7rIZviUmN+EgEM=
gopkg.in/yaml.v3 v3.0.1 h1:fxVm/GzAzEWqLHuvctI91KS9hhNmmWOoWu0XTYJS7CA=
gopkg.in/yaml.v3 v3.0.1/go.mod h1:K4uyk7z7BCEPqu6E+C64Yfv1cQ7kz7rIZviUmN+EgEM=
