github.com/davecgh/go-spew v1.1.1 h1:vj9j/u1bqnvCEfJOwUhtlOARqs3+rkHYY13jYWTU97c=
github.com/davecgh/go-spew v1.1.1/go.mod h1:J7Y8YcW2NihsgmVo/mv3lAwl/skON4iLHjSsI+c5H38=
github.com/konsorten/go-windows-terminal-sequences v1.0.1 h1:mweAR1A6xJ3oS2pRaGiHgQ4OO8tzTaLawm8vnODuwDk=
github.com/konsorten/go-windows-terminal-sequences v1.0.1/go.mod h1:T0+1ngSBFLxvqU3pZ+m/2kptfBszLMUkC4ZK/EgS/cQ=
github.com/pmezard/go-difflib v1.0.0 h1:4DBwDE0NGyQoBHbLQYPwSUPoCMWR5BEzIk/f1lZbAQM=
github.com/pmezard/go-difflib v1.0.0/go.mod h1:iKH77koFhYxTK1pcRnkKkqfTogsbg7gZNVY4sRDYZ/4=
github.com/silenceper/pool v1.0.0 h1:JTCaA+U6hJAA0P8nCx+JfsRCHMwLTfatsm5QXelffmU=
github.com/silenceper/pool v1.0.0/go.mod h1:3DN13bqAbq86Lmzf6iUXWEPIWFPOSYVfaoceFvilKKI=
github.com/sirupsen/logrus v1.4.2 h1:SPIRibHv4MatM3XXNO2BJeFLZwZ2LvZgfQ5+UNI2im4=
github.com/sirupsen/logrus v1.4.2/go.mod h1:tLMulIdttU9McNUspp0xgXVQah82FyeX6MwdIuYE2rE=
github.com/stretchr/objx v0.1.1/go.mod h1:HFkY916IF+rwdDfMAkV7OtwuqBVzrE8GR6GFx+wExME=
github.com/stretchr/testify v1.2.2/go.mod h1:a8OnRcib4nhh0OaRAV+Yts87kKdq0PP7pXfy6kDkUVs=
github.com/stretchr/testify v1.7.1 h1:5TQK59W5E3v0r2duFAb7P95B6hEeOyEnHRa8MjYSMTY=
golang.org/x/net v0.0.0-20220225172249-27dd8689420f h1:oA4XRj0qtSt8Yo1Zms0CUlsT3KG69V2UGQWPBxujDmc=
golang.org/x/net v0.0.0-20220225172249-27dd8689420f/go.mod h1:CfG3xpIq0wQ8r1q4Su4UZFWDARRcnwPjda9FqA0JpMk=
golang.org/x/sys v0.0.0-20190422165155-953cdadca894/go.mod h1:h1NjWce9XRLGQEsW7wpKNCjG9DtNlClVuFLEZdDNbEs=
golang.org/x/sys v0.0.0-20211216021012-1d35b9e2eb4e h1:fLOSk5Q00efkSvAm+4xcoXD+RRmLmmulPn5I3Y9F2EM=
golang.org/x/sys v0.0.0-20211216021012-1d35b9e2eb4e/go.mod h1:oPkhp1MJrh7nUepCBck5+mAzfO9JrbApNNgaTdGDITg=
gopkg.in/nntp.v0 v0.0.0-20220926000000-a6b2687471da h1:36veD6QBNOhKyw1r+ozovcn/0PoAG5imUPvtzhygls0=
gopkg.in/nntp.v0 v0.0.0-20220926000000-a6b2687471da/go.mod h1:8ovNFKrrdwJweel/oNqZixDcS+PcAPdLPeBRQSgxdpY=
gopkg.in/option.v0 v0.0.0-20220910000000-360f43518c40 h1:F5GXi2F4Ay44oV5rJ6BbsOZl4nYrb1Fv7w14KeTVj3g=
gopkg.in/option.v0 v0.0.0-20220910000000-360f43518c40/go.mod h1:0NoLVhT/Lh19J02e6eFvBzkP8s+twOpvDEnu3HLFAWw=
gopkg.in/pwgen.v0 v0.0.0-20221002000000-dfa08fda6394 h1:zQUfYcGEfspGASsQvtusvgi6utWWL4uTOES2SrqcdTo=
gopkg.in/pwgen.v0 v0.0.0-20221002000000-dfa08fda6394/go.mod h1:0NS8+197DajeJIWlkAinByQzAy/Fs0Iu4oEgeeTwTgE=
gopkg.in/rx.v0 v0.0.0-20220421053708-ed88ff42144d h1:EYoMNi1YprUq+agxrcBEWjtBqwNjxMKE9GUQcbntVhg=
gopkg.in/rx.v0 v0.0.0-20220421053708-ed88ff42144d/go.mod h1:XtsaV+mcmcTfi1MHPgTPV+I81Rq0oUCLpRrWz0dmemQ=
gopkg.in/tomb.v2 v2.0.0-20161208151619-d5d1b5820637 h1:yiW+nvdHb9LVqSHQBXfZCieqV4fzYhNBql77zY0ykqs=
gopkg.in/tomb.v2 v2.0.0-20161208151619-d5d1b5820637/go.mod h1:BHsqpu/nsuzkT5BpiH1EMZPLyqSMM8JbIavyFACoFNk=
gopkg.in/yaml.v3 v3.0.0-20200313102051-9f266ea9e77c h1:dUUwHk2QECo/6vqA44rthZ8ie2QXMNeKRTHCNY2nXvo=
